
Microsoft Visual Studio Solution File, Format Version 12.00
Project("{FAE04EC0-301F-11D3-BF4B-00C04F79EFBC}") = "PracticalProject.AppHost", "PracticalProject.AppHost\PracticalProject.AppHost.csproj", "{9D13FC23-17EA-4E05-8D45-E97ACC7D25FB}"
EndProject
Project("{FAE04EC0-301F-11D3-BF4B-00C04F79EFBC}") = "PracticalProject.ServiceDefaults", "PracticalProject.ServiceDefaults\PracticalProject.ServiceDefaults.csproj", "{D901EBAA-CAB0-4069-8B25-16A8288F95D9}"
EndProject
Project("{FAE04EC0-301F-11D3-BF4B-00C04F79EFBC}") = "PracticalProject.ApiService", "PracticalProject.ApiService\PracticalProject.ApiService.csproj", "{A2D86075-726A-454F-A383-0DD065CE4C47}"
EndProject
Project("{FAE04EC0-301F-11D3-BF4B-00C04F79EFBC}") = "PracticalProject.Tests", "PracticalProject.Tests\PracticalProject.Tests.csproj", "{D5D501A5-130E-44E1-A0AE-CC0B51DAA1E3}"
EndProject
Project("{2150E333-8FDC-42A3-9474-1A3956D46DE8}") = "src", "src", "{19476892-2511-4666-A9BF-24D8E7702253}"
EndProject
Project("{2150E333-8FDC-42A3-9474-1A3956D46DE8}") = "test", "test", "{F86FC985-4A99-4056-93EB-7067D4A111D1}"
EndProject
Project("{FAE04EC0-301F-11D3-BF4B-00C04F79EFBC}") = "PracticalProject.Domain", "PracticalProject.Domain\PracticalProject.Domain.csproj", "{13B0E68F-EC8E-49A5-9806-C82F97D66494}"
EndProject
Project("{FAE04EC0-301F-11D3-BF4B-00C04F79EFBC}") = "PracticalProject.Application", "PracticalProject.Application\PracticalProject.Application.csproj", "{FDAC7859-9AC3-454B-9A09-E937FE35AFF2}"
EndProject
Project("{FAE04EC0-301F-11D3-BF4B-00C04F79EFBC}") = "PracticalProject.Infrastructure", "PracticalProject.Infrastructure\PracticalProject.Infrastructure.csproj", "{FBF361D5-2EA7-4887-814A-6368B71DE8C7}"
EndProject
Project("{2150E333-8FDC-42A3-9474-1A3956D46DE8}") = "Solution Items", "Solution Items", "{EFD24DC1-6830-41C8-934E-39C12C78E1AD}"
	ProjectSection(SolutionItems) = preProject
		compose.yaml = compose.yaml
	EndProjectSection
EndProject
Project("{2150E333-8FDC-42A3-9474-1A3956D46DE8}") = "write-service", "write-service", "{BEBD7A16-6200-4CBE-8DC6-2425B59B7DCA}"
EndProject
Project("{FAE04EC0-301F-11D3-BF4B-00C04F79EFBC}") = "PracticalProject.SharedKernel", "PracticalProject.SharedKernel\PracticalProject.SharedKernel.csproj", "{E9A27C7B-EB1C-452F-95A6-357442F865BB}"
EndProject
Project("{2150E333-8FDC-42A3-9474-1A3956D46DE8}") = "read-service", "read-service", "{C729273C-C1BE-4FF7-8177-D6CF79632A11}"
EndProject
Project("{FAE04EC0-301F-11D3-BF4B-00C04F79EFBC}") = "ReadProject.Domain", "ReadProject.Domain\ReadProject.Domain.csproj", "{D60CA08B-4558-4572-A5C2-F644460C6C49}"
EndProject
Project("{FAE04EC0-301F-11D3-BF4B-00C04F79EFBC}") = "ReadProject.Infrastructure", "ReadProject.Infrastructure\ReadProject.Infrastructure.csproj", "{75003FD7-CED8-44D3-95E8-BEB5F7891CB8}"
EndProject
Project("{FAE04EC0-301F-11D3-BF4B-00C04F79EFBC}") = "ReadProject.SharedKernel", "ReadProject.SharedKernel\ReadProject.SharedKernel.csproj", "{22CC574B-9C14-4E10-8A33-6FFA3EFDA351}"
EndProject
Project("{FAE04EC0-301F-11D3-BF4B-00C04F79EFBC}") = "ReadProject.Application", "ReadProject.Application\ReadProject.Application.csproj", "{E4CB0E5F-4AEF-4463-A092-0EFE2C32566E}"
EndProject
Project("{FAE04EC0-301F-11D3-BF4B-00C04F79EFBC}") = "ReadProject.ApiService", "ReadProject.ApiService\ReadProject.ApiService.csproj", "{41EC7226-5452-4748-A57D-0A9E5BA54C53}"
EndProject
Project("{2150E333-8FDC-42A3-9474-1A3956D46DE8}") = "projector", "projector", "{D8D19A28-ACD5-408D-8690-4CA46D3F371C}"
EndProject
Project("{FAE04EC0-301F-11D3-BF4B-00C04F79EFBC}") = "KafkaConsumer", "KafkaConsumer\KafkaConsumer.csproj", "{59F880E1-CC1F-4089-A618-E4E1C102A4CB}"
EndProject
Project("{2150E333-8FDC-42A3-9474-1A3956D46DE8}") = "gateway", "gateway", "{91278F81-26A9-43B3-BC52-B6565862138E}"
EndProject
Project("{FAE04EC0-301F-11D3-BF4B-00C04F79EFBC}") = "YarpGateway", "YarpGateway\YarpGateway.csproj", "{941066C2-8D58-499F-9DEC-AC35C1E80399}"
EndProject
Global
	GlobalSection(SolutionConfigurationPlatforms) = preSolution
		Debug|Any CPU = Debug|Any CPU
		Release|Any CPU = Release|Any CPU
	EndGlobalSection
	GlobalSection(ProjectConfigurationPlatforms) = postSolution
		{9D13FC23-17EA-4E05-8D45-E97ACC7D25FB}.Debug|Any CPU.ActiveCfg = Debug|Any CPU
		{9D13FC23-17EA-4E05-8D45-E97ACC7D25FB}.Debug|Any CPU.Build.0 = Debug|Any CPU
		{9D13FC23-17EA-4E05-8D45-E97ACC7D25FB}.Release|Any CPU.ActiveCfg = Release|Any CPU
		{9D13FC23-17EA-4E05-8D45-E97ACC7D25FB}.Release|Any CPU.Build.0 = Release|Any CPU
		{D901EBAA-CAB0-4069-8B25-16A8288F95D9}.Debug|Any CPU.ActiveCfg = Debug|Any CPU
		{D901EBAA-CAB0-4069-8B25-16A8288F95D9}.Debug|Any CPU.Build.0 = Debug|Any CPU
		{D901EBAA-CAB0-4069-8B25-16A8288F95D9}.Release|Any CPU.ActiveCfg = Release|Any CPU
		{D901EBAA-CAB0-4069-8B25-16A8288F95D9}.Release|Any CPU.Build.0 = Release|Any CPU
		{A2D86075-726A-454F-A383-0DD065CE4C47}.Debug|Any CPU.ActiveCfg = Debug|Any CPU
		{A2D86075-726A-454F-A383-0DD065CE4C47}.Debug|Any CPU.Build.0 = Debug|Any CPU
		{A2D86075-726A-454F-A383-0DD065CE4C47}.Release|Any CPU.ActiveCfg = Release|Any CPU
		{A2D86075-726A-454F-A383-0DD065CE4C47}.Release|Any CPU.Build.0 = Release|Any CPU
		{D5D501A5-130E-44E1-A0AE-CC0B51DAA1E3}.Debug|Any CPU.ActiveCfg = Debug|Any CPU
		{D5D501A5-130E-44E1-A0AE-CC0B51DAA1E3}.Debug|Any CPU.Build.0 = Debug|Any CPU
		{D5D501A5-130E-44E1-A0AE-CC0B51DAA1E3}.Release|Any CPU.ActiveCfg = Release|Any CPU
		{D5D501A5-130E-44E1-A0AE-CC0B51DAA1E3}.Release|Any CPU.Build.0 = Release|Any CPU
		{13B0E68F-EC8E-49A5-9806-C82F97D66494}.Debug|Any CPU.ActiveCfg = Debug|Any CPU
		{13B0E68F-EC8E-49A5-9806-C82F97D66494}.Debug|Any CPU.Build.0 = Debug|Any CPU
		{13B0E68F-EC8E-49A5-9806-C82F97D66494}.Release|Any CPU.ActiveCfg = Release|Any CPU
		{13B0E68F-EC8E-49A5-9806-C82F97D66494}.Release|Any CPU.Build.0 = Release|Any CPU
		{FDAC7859-9AC3-454B-9A09-E937FE35AFF2}.Debug|Any CPU.ActiveCfg = Debug|Any CPU
		{FDAC7859-9AC3-454B-9A09-E937FE35AFF2}.Debug|Any CPU.Build.0 = Debug|Any CPU
		{FDAC7859-9AC3-454B-9A09-E937FE35AFF2}.Release|Any CPU.ActiveCfg = Release|Any CPU
		{FDAC7859-9AC3-454B-9A09-E937FE35AFF2}.Release|Any CPU.Build.0 = Release|Any CPU
		{FBF361D5-2EA7-4887-814A-6368B71DE8C7}.Debug|Any CPU.ActiveCfg = Debug|Any CPU
		{FBF361D5-2EA7-4887-814A-6368B71DE8C7}.Debug|Any CPU.Build.0 = Debug|Any CPU
		{FBF361D5-2EA7-4887-814A-6368B71DE8C7}.Release|Any CPU.ActiveCfg = Release|Any CPU
		{FBF361D5-2EA7-4887-814A-6368B71DE8C7}.Release|Any CPU.Build.0 = Release|Any CPU
		{E9A27C7B-EB1C-452F-95A6-357442F865BB}.Debug|Any CPU.ActiveCfg = Debug|Any CPU
		{E9A27C7B-EB1C-452F-95A6-357442F865BB}.Debug|Any CPU.Build.0 = Debug|Any CPU
		{E9A27C7B-EB1C-452F-95A6-357442F865BB}.Release|Any CPU.ActiveCfg = Release|Any CPU
		{E9A27C7B-EB1C-452F-95A6-357442F865BB}.Release|Any CPU.Build.0 = Release|Any CPU
		{D60CA08B-4558-4572-A5C2-F644460C6C49}.Debug|Any CPU.ActiveCfg = Debug|Any CPU
		{D60CA08B-4558-4572-A5C2-F644460C6C49}.Debug|Any CPU.Build.0 = Debug|Any CPU
		{D60CA08B-4558-4572-A5C2-F644460C6C49}.Release|Any CPU.ActiveCfg = Release|Any CPU
		{D60CA08B-4558-4572-A5C2-F644460C6C49}.Release|Any CPU.Build.0 = Release|Any CPU
		{75003FD7-CED8-44D3-95E8-BEB5F7891CB8}.Debug|Any CPU.ActiveCfg = Debug|Any CPU
		{75003FD7-CED8-44D3-95E8-BEB5F7891CB8}.Debug|Any CPU.Build.0 = Debug|Any CPU
		{75003FD7-CED8-44D3-95E8-BEB5F7891CB8}.Release|Any CPU.ActiveCfg = Release|Any CPU
		{75003FD7-CED8-44D3-95E8-BEB5F7891CB8}.Release|Any CPU.Build.0 = Release|Any CPU
		{22CC574B-9C14-4E10-8A33-6FFA3EFDA351}.Debug|Any CPU.ActiveCfg = Debug|Any CPU
		{22CC574B-9C14-4E10-8A33-6FFA3EFDA351}.Debug|Any CPU.Build.0 = Debug|Any CPU
		{22CC574B-9C14-4E10-8A33-6FFA3EFDA351}.Release|Any CPU.ActiveCfg = Release|Any CPU
		{22CC574B-9C14-4E10-8A33-6FFA3EFDA351}.Release|Any CPU.Build.0 = Release|Any CPU
		{E4CB0E5F-4AEF-4463-A092-0EFE2C32566E}.Debug|Any CPU.ActiveCfg = Debug|Any CPU
		{E4CB0E5F-4AEF-4463-A092-0EFE2C32566E}.Debug|Any CPU.Build.0 = Debug|Any CPU
		{E4CB0E5F-4AEF-4463-A092-0EFE2C32566E}.Release|Any CPU.ActiveCfg = Release|Any CPU
		{E4CB0E5F-4AEF-4463-A092-0EFE2C32566E}.Release|Any CPU.Build.0 = Release|Any CPU
		{41EC7226-5452-4748-A57D-0A9E5BA54C53}.Debug|Any CPU.ActiveCfg = Debug|Any CPU
		{41EC7226-5452-4748-A57D-0A9E5BA54C53}.Debug|Any CPU.Build.0 = Debug|Any CPU
		{41EC7226-5452-4748-A57D-0A9E5BA54C53}.Release|Any CPU.ActiveCfg = Release|Any CPU
		{41EC7226-5452-4748-A57D-0A9E5BA54C53}.Release|Any CPU.Build.0 = Release|Any CPU
		{59F880E1-CC1F-4089-A618-E4E1C102A4CB}.Debug|Any CPU.ActiveCfg = Debug|Any CPU
		{59F880E1-CC1F-4089-A618-E4E1C102A4CB}.Debug|Any CPU.Build.0 = Debug|Any CPU
		{59F880E1-CC1F-4089-A618-E4E1C102A4CB}.Release|Any CPU.ActiveCfg = Release|Any CPU
		{59F880E1-CC1F-4089-A618-E4E1C102A4CB}.Release|Any CPU.Build.0 = Release|Any CPU
		{941066C2-8D58-499F-9DEC-AC35C1E80399}.Debug|Any CPU.ActiveCfg = Debug|Any CPU
		{941066C2-8D58-499F-9DEC-AC35C1E80399}.Debug|Any CPU.Build.0 = Debug|Any CPU
		{941066C2-8D58-499F-9DEC-AC35C1E80399}.Release|Any CPU.ActiveCfg = Release|Any CPU
		{941066C2-8D58-499F-9DEC-AC35C1E80399}.Release|Any CPU.Build.0 = Release|Any CPU
	EndGlobalSection
	GlobalSection(NestedProjects) = preSolution
		{D5D501A5-130E-44E1-A0AE-CC0B51DAA1E3} = {F86FC985-4A99-4056-93EB-7067D4A111D1}
		{BEBD7A16-6200-4CBE-8DC6-2425B59B7DCA} = {19476892-2511-4666-A9BF-24D8E7702253}
		{A2D86075-726A-454F-A383-0DD065CE4C47} = {BEBD7A16-6200-4CBE-8DC6-2425B59B7DCA}
		{FDAC7859-9AC3-454B-9A09-E937FE35AFF2} = {BEBD7A16-6200-4CBE-8DC6-2425B59B7DCA}
		{13B0E68F-EC8E-49A5-9806-C82F97D66494} = {BEBD7A16-6200-4CBE-8DC6-2425B59B7DCA}
		{FBF361D5-2EA7-4887-814A-6368B71DE8C7} = {BEBD7A16-6200-4CBE-8DC6-2425B59B7DCA}
		{E9A27C7B-EB1C-452F-95A6-357442F865BB} = {BEBD7A16-6200-4CBE-8DC6-2425B59B7DCA}
		{C729273C-C1BE-4FF7-8177-D6CF79632A11} = {19476892-2511-4666-A9BF-24D8E7702253}
		{D60CA08B-4558-4572-A5C2-F644460C6C49} = {C729273C-C1BE-4FF7-8177-D6CF79632A11}
		{75003FD7-CED8-44D3-95E8-BEB5F7891CB8} = {C729273C-C1BE-4FF7-8177-D6CF79632A11}
		{22CC574B-9C14-4E10-8A33-6FFA3EFDA351} = {C729273C-C1BE-4FF7-8177-D6CF79632A11}
		{E4CB0E5F-4AEF-4463-A092-0EFE2C32566E} = {C729273C-C1BE-4FF7-8177-D6CF79632A11}
		{41EC7226-5452-4748-A57D-0A9E5BA54C53} = {C729273C-C1BE-4FF7-8177-D6CF79632A11}
		{D8D19A28-ACD5-408D-8690-4CA46D3F371C} = {19476892-2511-4666-A9BF-24D8E7702253}
		{59F880E1-CC1F-4089-A618-E4E1C102A4CB} = {D8D19A28-ACD5-408D-8690-4CA46D3F371C}
		{91278F81-26A9-43B3-BC52-B6565862138E} = {19476892-2511-4666-A9BF-24D8E7702253}
		{941066C2-8D58-499F-9DEC-AC35C1E80399} = {91278F81-26A9-43B3-BC52-B6565862138E}
	EndGlobalSection
EndGlobal
